
Microsoft Visual Studio Solution File, Format Version 12.00
# Visual Studio Version 16
VisualStudioVersion = 16.0.29911.84
MinimumVisualStudioVersion = 10.0.40219.1
Project("{FAE04EC0-301F-11D3-BF4B-00C04F79EFBC}") = "InventorySystem", "InventorySystem.csproj", "{48DCA82F-F0F1-4BE9-8D99-4AE276215F09}"
EndProject
Global
	GlobalSection(SolutionConfigurationPlatforms) = preSolution
		Debug|Any CPU = Debug|Any CPU
		Release|Any CPU = Release|Any CPU
	EndGlobalSection
	GlobalSection(ProjectConfigurationPlatforms) = postSolution
		{48DCA82F-F0F1-4BE9-8D99-4AE276215F09}.Debug|Any CPU.ActiveCfg = Debug|Any CPU
		{48DCA82F-F0F1-4BE9-8D99-4AE276215F09}.Debug|Any CPU.Build.0 = Debug|Any CPU
		{48DCA82F-F0F1-4BE9-8D99-4AE276215F09}.Release|Any CPU.ActiveCfg = Release|Any CPU
		{48DCA82F-F0F1-4BE9-8D99-4AE276215F09}.Release|Any CPU.Build.0 = Release|Any CPU
	EndGlobalSection
	GlobalSection(SolutionProperties) = preSolution
		HideSolutionNode = FALSE
	EndGlobalSection
	GlobalSection(ExtensibilityGlobals) = postSolution
		SolutionGuid = {28E0F08C-9628-45AD-B61F-4267D7E179EB}
	EndGlobalSection
EndGlobal
